// !$*UTF8*$!
{
	archiveVersion = 1;
	classes = {
	};
	objectVersion = 46;
	objects = {

/* Begin PBXBuildFile section */
		1E837CCF55AE513AEE85343E /* Pods_Planning_Board.framework in Frameworks */ = {isa = PBXBuildFile; fileRef = F6F6F1C7B63B79D24FF25344 /* Pods_Planning_Board.framework */; };
		2E06563B1E987EFF00D22150 /* SignInController.swift in Sources */ = {isa = PBXBuildFile; fileRef = 2E06563A1E987EFF00D22150 /* SignInController.swift */; };
		2E0FCD661E16367400C8F1E3 /* AppDelegate.swift in Sources */ = {isa = PBXBuildFile; fileRef = 2E0FCD651E16367400C8F1E3 /* AppDelegate.swift */; };
		2E0FCD6E1E16367400C8F1E3 /* Planning_Board.xcdatamodeld in Sources */ = {isa = PBXBuildFile; fileRef = 2E0FCD6C1E16367400C8F1E3 /* Planning_Board.xcdatamodeld */; };
		2E0FCD701E16367400C8F1E3 /* Assets.xcassets in Resources */ = {isa = PBXBuildFile; fileRef = 2E0FCD6F1E16367400C8F1E3 /* Assets.xcassets */; };
		2E0FCD731E16367400C8F1E3 /* LaunchScreen.storyboard in Resources */ = {isa = PBXBuildFile; fileRef = 2E0FCD711E16367400C8F1E3 /* LaunchScreen.storyboard */; };
		2E0FCD7E1E16367400C8F1E3 /* Planning_BoardTests.swift in Sources */ = {isa = PBXBuildFile; fileRef = 2E0FCD7D1E16367400C8F1E3 /* Planning_BoardTests.swift */; };
		2E0FCD891E16367400C8F1E3 /* Planning_BoardUITests.swift in Sources */ = {isa = PBXBuildFile; fileRef = 2E0FCD881E16367400C8F1E3 /* Planning_BoardUITests.swift */; };
		2E0FCD971E1636DE00C8F1E3 /* GoogleService-Info.plist in Resources */ = {isa = PBXBuildFile; fileRef = 2E0FCD961E1636DE00C8F1E3 /* GoogleService-Info.plist */; };
		2E1D7E6A1E4FF7EB00A648C3 /* memberCell1.swift in Sources */ = {isa = PBXBuildFile; fileRef = 2E1D7E681E4FF7EB00A648C3 /* memberCell1.swift */; };
		2E1D7E6B1E4FF7EB00A648C3 /* memberCell1.xib in Resources */ = {isa = PBXBuildFile; fileRef = 2E1D7E691E4FF7EB00A648C3 /* memberCell1.xib */; };
		2E390D751EEA0CBC004C83CC /* ProductItem.swift in Sources */ = {isa = PBXBuildFile; fileRef = 2E390D741EEA0CBC004C83CC /* ProductItem.swift */; };
		2E3D15E31E96DDEF003AD783 /* AppDelegate.swift in Sources */ = {isa = PBXBuildFile; fileRef = 2E3D15E21E96DDEF003AD783 /* AppDelegate.swift */; };
		2E3D15E51E96DDEF003AD783 /* Assets.xcassets in Resources */ = {isa = PBXBuildFile; fileRef = 2E3D15E41E96DDEF003AD783 /* Assets.xcassets */; };
		2E3D15E81E96DDEF003AD783 /* MainMenu.xib in Resources */ = {isa = PBXBuildFile; fileRef = 2E3D15E61E96DDEF003AD783 /* MainMenu.xib */; };
		2E3D15F31E96DDEF003AD783 /* Planning_Board_MacTests.swift in Sources */ = {isa = PBXBuildFile; fileRef = 2E3D15F21E96DDEF003AD783 /* Planning_Board_MacTests.swift */; };
		2E3D15FE1E96DDEF003AD783 /* Planning_Board_MacUITests.swift in Sources */ = {isa = PBXBuildFile; fileRef = 2E3D15FD1E96DDEF003AD783 /* Planning_Board_MacUITests.swift */; };
		2E3E1AC81EF1A4C500801415 /* FinalService.swift in Sources */ = {isa = PBXBuildFile; fileRef = 2E3E1AC71EF1A4C500801415 /* FinalService.swift */; };
		2E3E1ACA1EF1A6CF00801415 /* ServiceObject.swift in Sources */ = {isa = PBXBuildFile; fileRef = 2E3E1AC91EF1A6CF00801415 /* ServiceObject.swift */; };
		2E44E1E11E97222400C70049 /* SignInViewController.swift in Sources */ = {isa = PBXBuildFile; fileRef = 2E44E1E01E97222400C70049 /* SignInViewController.swift */; };
		2E7EA1DF1E4FE26600911AD7 /* Datasource.swift in Sources */ = {isa = PBXBuildFile; fileRef = 2E7EA1DE1E4FE26600911AD7 /* Datasource.swift */; };
		2E889BC11EBEE46300F2C85E /* ServiceView.swift in Sources */ = {isa = PBXBuildFile; fileRef = 2E889BC01EBEE46300F2C85E /* ServiceView.swift */; };
		2E943D561E26C5150059C689 /* TableViewCell1.swift in Sources */ = {isa = PBXBuildFile; fileRef = 2E943D541E26C5150059C689 /* TableViewCell1.swift */; };
		2E943D571E26C5150059C689 /* TableViewCell1.xib in Resources */ = {isa = PBXBuildFile; fileRef = 2E943D551E26C5150059C689 /* TableViewCell1.xib */; };
		2E9833651E268CB100A48A56 /* PlanServiceController.swift in Sources */ = {isa = PBXBuildFile; fileRef = 2E9833641E268CB100A48A56 /* PlanServiceController.swift */; };
		2E99BB831E873D3C0039B0EE /* PBAnimations.swift in Sources */ = {isa = PBXBuildFile; fileRef = 2E99BB821E873D3C0039B0EE /* PBAnimations.swift */; };
		2E99BB871E875CF00039B0EE /* SegmentObject.swift in Sources */ = {isa = PBXBuildFile; fileRef = 2E99BB861E875CF00039B0EE /* SegmentObject.swift */; };
		2EAA78721EC15D2E00E4102D /* CustomTabBar.swift in Sources */ = {isa = PBXBuildFile; fileRef = 2EAA78711EC15D2E00E4102D /* CustomTabBar.swift */; };
		2EAA78741EC17B9E00E4102D /* SegmentsView.swift in Sources */ = {isa = PBXBuildFile; fileRef = 2EAA78731EC17B9E00E4102D /* SegmentsView.swift */; };
		2EAA78761EC17DEE00E4102D /* PeopleView.swift in Sources */ = {isa = PBXBuildFile; fileRef = 2EAA78751EC17DEE00E4102D /* PeopleView.swift */; };
		2EAA78781EC1849C00E4102D /* PBViewController.swift in Sources */ = {isa = PBXBuildFile; fileRef = 2EAA78771EC1849C00E4102D /* PBViewController.swift */; };
		2EB88CF91E858639001F85C2 /* MemberObject.swift in Sources */ = {isa = PBXBuildFile; fileRef = 2EB88CF81E858639001F85C2 /* MemberObject.swift */; };
		2EF0E1991F1D13AD00CAF50E /* SignUpView.swift in Sources */ = {isa = PBXBuildFile; fileRef = 2EF0E1981F1D13AD00CAF50E /* SignUpView.swift */; };
		572E1D44CA0E9B25516951D9 /* Pods_Planning_BoardUITests.framework in Frameworks */ = {isa = PBXBuildFile; fileRef = F0256DE4A0B13673A21383A4 /* Pods_Planning_BoardUITests.framework */; };
		DA880E049AE65C95B512E00D /* Pods_Planning_BoardTests.framework in Frameworks */ = {isa = PBXBuildFile; fileRef = E4FB31C9AA363BC2650B9B39 /* Pods_Planning_BoardTests.framework */; };
/* End PBXBuildFile section */

/* Begin PBXContainerItemProxy section */
		2E0FCD7A1E16367400C8F1E3 /* PBXContainerItemProxy */ = {
			isa = PBXContainerItemProxy;
			containerPortal = 2E0FCD5A1E16367400C8F1E3 /* Project object */;
			proxyType = 1;
			remoteGlobalIDString = 2E0FCD611E16367400C8F1E3;
			remoteInfo = "Planning Board";
		};
		2E0FCD851E16367400C8F1E3 /* PBXContainerItemProxy */ = {
			isa = PBXContainerItemProxy;
			containerPortal = 2E0FCD5A1E16367400C8F1E3 /* Project object */;
			proxyType = 1;
			remoteGlobalIDString = 2E0FCD611E16367400C8F1E3;
			remoteInfo = "Planning Board";
		};
		2E3D15EF1E96DDEF003AD783 /* PBXContainerItemProxy */ = {
			isa = PBXContainerItemProxy;
			containerPortal = 2E0FCD5A1E16367400C8F1E3 /* Project object */;
			proxyType = 1;
			remoteGlobalIDString = 2E3D15DF1E96DDEF003AD783;
			remoteInfo = "Planning Board Mac";
		};
		2E3D15FA1E96DDEF003AD783 /* PBXContainerItemProxy */ = {
			isa = PBXContainerItemProxy;
			containerPortal = 2E0FCD5A1E16367400C8F1E3 /* Project object */;
			proxyType = 1;
			remoteGlobalIDString = 2E3D15DF1E96DDEF003AD783;
			remoteInfo = "Planning Board Mac";
		};
/* End PBXContainerItemProxy section */

/* Begin PBXFileReference section */
		097D033BA8A1428D60140E0D /* Pods-Planning Board.debug.xcconfig */ = {isa = PBXFileReference; includeInIndex = 1; lastKnownFileType = text.xcconfig; name = "Pods-Planning Board.debug.xcconfig"; path = "Pods/Target Support Files/Pods-Planning Board/Pods-Planning Board.debug.xcconfig"; sourceTree = "<group>"; };
		0D75B45D891E1E1D216E0A68 /* Pods-Planning Board.release.xcconfig */ = {isa = PBXFileReference; includeInIndex = 1; lastKnownFileType = text.xcconfig; name = "Pods-Planning Board.release.xcconfig"; path = "Pods/Target Support Files/Pods-Planning Board/Pods-Planning Board.release.xcconfig"; sourceTree = "<group>"; };
		2E06563A1E987EFF00D22150 /* SignInController.swift */ = {isa = PBXFileReference; fileEncoding = 4; lastKnownFileType = sourcecode.swift; path = SignInController.swift; sourceTree = "<group>"; };
		2E0FCD621E16367400C8F1E3 /* Planning Board.app */ = {isa = PBXFileReference; explicitFileType = wrapper.application; includeInIndex = 0; path = "Planning Board.app"; sourceTree = BUILT_PRODUCTS_DIR; };
		2E0FCD651E16367400C8F1E3 /* AppDelegate.swift */ = {isa = PBXFileReference; lastKnownFileType = sourcecode.swift; path = AppDelegate.swift; sourceTree = "<group>"; };
		2E0FCD6D1E16367400C8F1E3 /* Planning_Board.xcdatamodel */ = {isa = PBXFileReference; lastKnownFileType = wrapper.xcdatamodel; path = Planning_Board.xcdatamodel; sourceTree = "<group>"; };
		2E0FCD6F1E16367400C8F1E3 /* Assets.xcassets */ = {isa = PBXFileReference; lastKnownFileType = folder.assetcatalog; path = Assets.xcassets; sourceTree = "<group>"; };
		2E0FCD721E16367400C8F1E3 /* Base */ = {isa = PBXFileReference; lastKnownFileType = file.storyboard; name = Base; path = Base.lproj/LaunchScreen.storyboard; sourceTree = "<group>"; };
		2E0FCD741E16367400C8F1E3 /* Info.plist */ = {isa = PBXFileReference; lastKnownFileType = text.plist.xml; path = Info.plist; sourceTree = "<group>"; };
		2E0FCD791E16367400C8F1E3 /* Planning BoardTests.xctest */ = {isa = PBXFileReference; explicitFileType = wrapper.cfbundle; includeInIndex = 0; path = "Planning BoardTests.xctest"; sourceTree = BUILT_PRODUCTS_DIR; };
		2E0FCD7D1E16367400C8F1E3 /* Planning_BoardTests.swift */ = {isa = PBXFileReference; lastKnownFileType = sourcecode.swift; path = Planning_BoardTests.swift; sourceTree = "<group>"; };
		2E0FCD7F1E16367400C8F1E3 /* Info.plist */ = {isa = PBXFileReference; lastKnownFileType = text.plist.xml; path = Info.plist; sourceTree = "<group>"; };
		2E0FCD841E16367400C8F1E3 /* Planning BoardUITests.xctest */ = {isa = PBXFileReference; explicitFileType = wrapper.cfbundle; includeInIndex = 0; path = "Planning BoardUITests.xctest"; sourceTree = BUILT_PRODUCTS_DIR; };
		2E0FCD881E16367400C8F1E3 /* Planning_BoardUITests.swift */ = {isa = PBXFileReference; lastKnownFileType = sourcecode.swift; path = Planning_BoardUITests.swift; sourceTree = "<group>"; };
		2E0FCD8A1E16367400C8F1E3 /* Info.plist */ = {isa = PBXFileReference; lastKnownFileType = text.plist.xml; path = Info.plist; sourceTree = "<group>"; };
		2E0FCD961E1636DE00C8F1E3 /* GoogleService-Info.plist */ = {isa = PBXFileReference; fileEncoding = 4; lastKnownFileType = text.plist.xml; name = "GoogleService-Info.plist"; path = "../GoogleService-Info.plist"; sourceTree = "<group>"; };
		2E0FCD981E163CD700C8F1E3 /* Planning Board.entitlements */ = {isa = PBXFileReference; lastKnownFileType = text.plist.entitlements; path = "Planning Board.entitlements"; sourceTree = "<group>"; };
		2E1D7E681E4FF7EB00A648C3 /* memberCell1.swift */ = {isa = PBXFileReference; fileEncoding = 4; lastKnownFileType = sourcecode.swift; path = memberCell1.swift; sourceTree = "<group>"; };
		2E1D7E691E4FF7EB00A648C3 /* memberCell1.xib */ = {isa = PBXFileReference; fileEncoding = 4; lastKnownFileType = file.xib; path = memberCell1.xib; sourceTree = "<group>"; };
		2E390D741EEA0CBC004C83CC /* ProductItem.swift */ = {isa = PBXFileReference; fileEncoding = 4; lastKnownFileType = sourcecode.swift; path = ProductItem.swift; sourceTree = "<group>"; };
		2E3D15E01E96DDEF003AD783 /* Planning Board Mac.app */ = {isa = PBXFileReference; explicitFileType = wrapper.application; includeInIndex = 0; path = "Planning Board Mac.app"; sourceTree = BUILT_PRODUCTS_DIR; };
		2E3D15E21E96DDEF003AD783 /* AppDelegate.swift */ = {isa = PBXFileReference; lastKnownFileType = sourcecode.swift; path = AppDelegate.swift; sourceTree = "<group>"; };
		2E3D15E41E96DDEF003AD783 /* Assets.xcassets */ = {isa = PBXFileReference; lastKnownFileType = folder.assetcatalog; path = Assets.xcassets; sourceTree = "<group>"; };
		2E3D15E71E96DDEF003AD783 /* Base */ = {isa = PBXFileReference; lastKnownFileType = file.xib; name = Base; path = Base.lproj/MainMenu.xib; sourceTree = "<group>"; };
		2E3D15E91E96DDEF003AD783 /* Info.plist */ = {isa = PBXFileReference; lastKnownFileType = text.plist.xml; path = Info.plist; sourceTree = "<group>"; };
		2E3D15EE1E96DDEF003AD783 /* Planning Board MacTests.xctest */ = {isa = PBXFileReference; explicitFileType = wrapper.cfbundle; includeInIndex = 0; path = "Planning Board MacTests.xctest"; sourceTree = BUILT_PRODUCTS_DIR; };
		2E3D15F21E96DDEF003AD783 /* Planning_Board_MacTests.swift */ = {isa = PBXFileReference; lastKnownFileType = sourcecode.swift; path = Planning_Board_MacTests.swift; sourceTree = "<group>"; };
		2E3D15F41E96DDEF003AD783 /* Info.plist */ = {isa = PBXFileReference; lastKnownFileType = text.plist.xml; path = Info.plist; sourceTree = "<group>"; };
		2E3D15F91E96DDEF003AD783 /* Planning Board MacUITests.xctest */ = {isa = PBXFileReference; explicitFileType = wrapper.cfbundle; includeInIndex = 0; path = "Planning Board MacUITests.xctest"; sourceTree = BUILT_PRODUCTS_DIR; };
		2E3D15FD1E96DDEF003AD783 /* Planning_Board_MacUITests.swift */ = {isa = PBXFileReference; lastKnownFileType = sourcecode.swift; path = Planning_Board_MacUITests.swift; sourceTree = "<group>"; };
		2E3D15FF1E96DDEF003AD783 /* Info.plist */ = {isa = PBXFileReference; lastKnownFileType = text.plist.xml; path = Info.plist; sourceTree = "<group>"; };
		2E3E1AC71EF1A4C500801415 /* FinalService.swift */ = {isa = PBXFileReference; fileEncoding = 4; lastKnownFileType = sourcecode.swift; path = FinalService.swift; sourceTree = "<group>"; };
		2E3E1AC91EF1A6CF00801415 /* ServiceObject.swift */ = {isa = PBXFileReference; fileEncoding = 4; lastKnownFileType = sourcecode.swift; path = ServiceObject.swift; sourceTree = "<group>"; };
		2E44E1E01E97222400C70049 /* SignInViewController.swift */ = {isa = PBXFileReference; fileEncoding = 4; lastKnownFileType = sourcecode.swift; path = SignInViewController.swift; sourceTree = "<group>"; };
		2E7EA1DE1E4FE26600911AD7 /* Datasource.swift */ = {isa = PBXFileReference; fileEncoding = 4; lastKnownFileType = sourcecode.swift; path = Datasource.swift; sourceTree = "<group>"; };
		2E889BC01EBEE46300F2C85E /* ServiceView.swift */ = {isa = PBXFileReference; fileEncoding = 4; lastKnownFileType = sourcecode.swift; path = ServiceView.swift; sourceTree = "<group>"; };
		2E943D541E26C5150059C689 /* TableViewCell1.swift */ = {isa = PBXFileReference; fileEncoding = 4; lastKnownFileType = sourcecode.swift; path = TableViewCell1.swift; sourceTree = "<group>"; };
		2E943D551E26C5150059C689 /* TableViewCell1.xib */ = {isa = PBXFileReference; fileEncoding = 4; lastKnownFileType = file.xib; path = TableViewCell1.xib; sourceTree = "<group>"; };
		2E9833641E268CB100A48A56 /* PlanServiceController.swift */ = {isa = PBXFileReference; fileEncoding = 4; lastKnownFileType = sourcecode.swift; path = PlanServiceController.swift; sourceTree = "<group>"; };
		2E99BB821E873D3C0039B0EE /* PBAnimations.swift */ = {isa = PBXFileReference; fileEncoding = 4; lastKnownFileType = sourcecode.swift; path = PBAnimations.swift; sourceTree = "<group>"; };
		2E99BB861E875CF00039B0EE /* SegmentObject.swift */ = {isa = PBXFileReference; fileEncoding = 4; lastKnownFileType = sourcecode.swift; path = SegmentObject.swift; sourceTree = "<group>"; };
		2EAA78711EC15D2E00E4102D /* CustomTabBar.swift */ = {isa = PBXFileReference; fileEncoding = 4; lastKnownFileType = sourcecode.swift; path = CustomTabBar.swift; sourceTree = "<group>"; };
		2EAA78731EC17B9E00E4102D /* SegmentsView.swift */ = {isa = PBXFileReference; fileEncoding = 4; lastKnownFileType = sourcecode.swift; path = SegmentsView.swift; sourceTree = "<group>"; };
		2EAA78751EC17DEE00E4102D /* PeopleView.swift */ = {isa = PBXFileReference; fileEncoding = 4; lastKnownFileType = sourcecode.swift; path = PeopleView.swift; sourceTree = "<group>"; };
		2EAA78771EC1849C00E4102D /* PBViewController.swift */ = {isa = PBXFileReference; fileEncoding = 4; lastKnownFileType = sourcecode.swift; path = PBViewController.swift; sourceTree = "<group>"; };
		2EB88CF81E858639001F85C2 /* MemberObject.swift */ = {isa = PBXFileReference; fileEncoding = 4; lastKnownFileType = sourcecode.swift; path = MemberObject.swift; sourceTree = "<group>"; };
		2EF0E1981F1D13AD00CAF50E /* SignUpView.swift */ = {isa = PBXFileReference; fileEncoding = 4; lastKnownFileType = sourcecode.swift; path = SignUpView.swift; sourceTree = "<group>"; };
		9EA070E1F2732D36227515AE /* Pods-Planning BoardUITests.release.xcconfig */ = {isa = PBXFileReference; includeInIndex = 1; lastKnownFileType = text.xcconfig; name = "Pods-Planning BoardUITests.release.xcconfig"; path = "Pods/Target Support Files/Pods-Planning BoardUITests/Pods-Planning BoardUITests.release.xcconfig"; sourceTree = "<group>"; };
		D43A91E7D6E17061396F6826 /* Pods-Planning BoardTests.debug.xcconfig */ = {isa = PBXFileReference; includeInIndex = 1; lastKnownFileType = text.xcconfig; name = "Pods-Planning BoardTests.debug.xcconfig"; path = "Pods/Target Support Files/Pods-Planning BoardTests/Pods-Planning BoardTests.debug.xcconfig"; sourceTree = "<group>"; };
		E4FB31C9AA363BC2650B9B39 /* Pods_Planning_BoardTests.framework */ = {isa = PBXFileReference; explicitFileType = wrapper.framework; includeInIndex = 0; path = Pods_Planning_BoardTests.framework; sourceTree = BUILT_PRODUCTS_DIR; };
		E5D27EE2D210307E34B0B8D5 /* Pods-Planning BoardTests.release.xcconfig */ = {isa = PBXFileReference; includeInIndex = 1; lastKnownFileType = text.xcconfig; name = "Pods-Planning BoardTests.release.xcconfig"; path = "Pods/Target Support Files/Pods-Planning BoardTests/Pods-Planning BoardTests.release.xcconfig"; sourceTree = "<group>"; };
		F0256DE4A0B13673A21383A4 /* Pods_Planning_BoardUITests.framework */ = {isa = PBXFileReference; explicitFileType = wrapper.framework; includeInIndex = 0; path = Pods_Planning_BoardUITests.framework; sourceTree = BUILT_PRODUCTS_DIR; };
		F6F6F1C7B63B79D24FF25344 /* Pods_Planning_Board.framework */ = {isa = PBXFileReference; explicitFileType = wrapper.framework; includeInIndex = 0; path = Pods_Planning_Board.framework; sourceTree = BUILT_PRODUCTS_DIR; };
		F87ECC50C516FA3138F07526 /* Pods-Planning BoardUITests.debug.xcconfig */ = {isa = PBXFileReference; includeInIndex = 1; lastKnownFileType = text.xcconfig; name = "Pods-Planning BoardUITests.debug.xcconfig"; path = "Pods/Target Support Files/Pods-Planning BoardUITests/Pods-Planning BoardUITests.debug.xcconfig"; sourceTree = "<group>"; };
/* End PBXFileReference section */

/* Begin PBXFrameworksBuildPhase section */
		2E0FCD5F1E16367400C8F1E3 /* Frameworks */ = {
			isa = PBXFrameworksBuildPhase;
			buildActionMask = 2147483647;
			files = (
				1E837CCF55AE513AEE85343E /* Pods_Planning_Board.framework in Frameworks */,
			);
			runOnlyForDeploymentPostprocessing = 0;
		};
		2E0FCD761E16367400C8F1E3 /* Frameworks */ = {
			isa = PBXFrameworksBuildPhase;
			buildActionMask = 2147483647;
			files = (
				DA880E049AE65C95B512E00D /* Pods_Planning_BoardTests.framework in Frameworks */,
			);
			runOnlyForDeploymentPostprocessing = 0;
		};
		2E0FCD811E16367400C8F1E3 /* Frameworks */ = {
			isa = PBXFrameworksBuildPhase;
			buildActionMask = 2147483647;
			files = (
				572E1D44CA0E9B25516951D9 /* Pods_Planning_BoardUITests.framework in Frameworks */,
			);
			runOnlyForDeploymentPostprocessing = 0;
		};
		2E3D15DD1E96DDEF003AD783 /* Frameworks */ = {
			isa = PBXFrameworksBuildPhase;
			buildActionMask = 2147483647;
			files = (
			);
			runOnlyForDeploymentPostprocessing = 0;
		};
		2E3D15EB1E96DDEF003AD783 /* Frameworks */ = {
			isa = PBXFrameworksBuildPhase;
			buildActionMask = 2147483647;
			files = (
			);
			runOnlyForDeploymentPostprocessing = 0;
		};
		2E3D15F61E96DDEF003AD783 /* Frameworks */ = {
			isa = PBXFrameworksBuildPhase;
			buildActionMask = 2147483647;
			files = (
			);
			runOnlyForDeploymentPostprocessing = 0;
		};
/* End PBXFrameworksBuildPhase section */

/* Begin PBXGroup section */
		18ECF417663948AF5E02501B /* Frameworks */ = {
			isa = PBXGroup;
			children = (
				F6F6F1C7B63B79D24FF25344 /* Pods_Planning_Board.framework */,
				E4FB31C9AA363BC2650B9B39 /* Pods_Planning_BoardTests.framework */,
				F0256DE4A0B13673A21383A4 /* Pods_Planning_BoardUITests.framework */,
			);
			name = Frameworks;
			sourceTree = "<group>";
		};
		2E0FCD591E16367400C8F1E3 = {
			isa = PBXGroup;
			children = (
				2E0FCD641E16367400C8F1E3 /* Planning Board */,
				2E0FCD7C1E16367400C8F1E3 /* Planning BoardTests */,
				2E0FCD871E16367400C8F1E3 /* Planning BoardUITests */,
				2E3D15E11E96DDEF003AD783 /* Planning Board Mac */,
				2E3D15F11E96DDEF003AD783 /* Planning Board MacTests */,
				2E3D15FC1E96DDEF003AD783 /* Planning Board MacUITests */,
				2E0FCD631E16367400C8F1E3 /* Products */,
				F37976C29C02219586CEB06E /* Pods */,
				18ECF417663948AF5E02501B /* Frameworks */,
			);
			sourceTree = "<group>";
		};
		2E0FCD631E16367400C8F1E3 /* Products */ = {
			isa = PBXGroup;
			children = (
				2E0FCD621E16367400C8F1E3 /* Planning Board.app */,
				2E0FCD791E16367400C8F1E3 /* Planning BoardTests.xctest */,
				2E0FCD841E16367400C8F1E3 /* Planning BoardUITests.xctest */,
				2E3D15E01E96DDEF003AD783 /* Planning Board Mac.app */,
				2E3D15EE1E96DDEF003AD783 /* Planning Board MacTests.xctest */,
				2E3D15F91E96DDEF003AD783 /* Planning Board MacUITests.xctest */,
			);
			name = Products;
			sourceTree = "<group>";
		};
		2E0FCD641E16367400C8F1E3 /* Planning Board */ = {
			isa = PBXGroup;
			children = (
				2E0FCD981E163CD700C8F1E3 /* Planning Board.entitlements */,
				2E0FCD961E1636DE00C8F1E3 /* GoogleService-Info.plist */,
				2E0FCD651E16367400C8F1E3 /* AppDelegate.swift */,
				2E1F75AD1E4CFD7800DEE534 /* ViewControllers */,
				2E7EA1DD1E4FE1F200911AD7 /* Helpers */,
				2E0FCD6F1E16367400C8F1E3 /* Assets.xcassets */,
				2E0FCD711E16367400C8F1E3 /* LaunchScreen.storyboard */,
				2E943D541E26C5150059C689 /* TableViewCell1.swift */,
				2E943D551E26C5150059C689 /* TableViewCell1.xib */,
				2E1D7E681E4FF7EB00A648C3 /* memberCell1.swift */,
				2E1D7E691E4FF7EB00A648C3 /* memberCell1.xib */,
				2E0FCD741E16367400C8F1E3 /* Info.plist */,
				2E0FCD6C1E16367400C8F1E3 /* Planning_Board.xcdatamodeld */,
			);
			path = "Planning Board";
			sourceTree = "<group>";
		};
		2E0FCD7C1E16367400C8F1E3 /* Planning BoardTests */ = {
			isa = PBXGroup;
			children = (
				2E0FCD7D1E16367400C8F1E3 /* Planning_BoardTests.swift */,
				2E0FCD7F1E16367400C8F1E3 /* Info.plist */,
			);
			path = "Planning BoardTests";
			sourceTree = "<group>";
		};
		2E0FCD871E16367400C8F1E3 /* Planning BoardUITests */ = {
			isa = PBXGroup;
			children = (
				2E0FCD881E16367400C8F1E3 /* Planning_BoardUITests.swift */,
				2E0FCD8A1E16367400C8F1E3 /* Info.plist */,
			);
			path = "Planning BoardUITests";
			sourceTree = "<group>";
		};
		2E1F75AD1E4CFD7800DEE534 /* ViewControllers */ = {
			isa = PBXGroup;
			children = (
				2EAA78701EC018E300E4102D /* Views */,
			);
			name = ViewControllers;
			sourceTree = "<group>";
		};
		2E3D15E11E96DDEF003AD783 /* Planning Board Mac */ = {
			isa = PBXGroup;
			children = (
				2E3D15E21E96DDEF003AD783 /* AppDelegate.swift */,
				2E3D15E41E96DDEF003AD783 /* Assets.xcassets */,
				2E3D15E61E96DDEF003AD783 /* MainMenu.xib */,
				2E3D15E91E96DDEF003AD783 /* Info.plist */,
				2E06563A1E987EFF00D22150 /* SignInController.swift */,
			);
			path = "Planning Board Mac";
			sourceTree = "<group>";
		};
		2E3D15F11E96DDEF003AD783 /* Planning Board MacTests */ = {
			isa = PBXGroup;
			children = (
				2E3D15F21E96DDEF003AD783 /* Planning_Board_MacTests.swift */,
				2E3D15F41E96DDEF003AD783 /* Info.plist */,
			);
			path = "Planning Board MacTests";
			sourceTree = "<group>";
		};
		2E3D15FC1E96DDEF003AD783 /* Planning Board MacUITests */ = {
			isa = PBXGroup;
			children = (
				2E3D15FD1E96DDEF003AD783 /* Planning_Board_MacUITests.swift */,
				2E3D15FF1E96DDEF003AD783 /* Info.plist */,
			);
			path = "Planning Board MacUITests";
			sourceTree = "<group>";
		};
		2E7EA1DD1E4FE1F200911AD7 /* Helpers */ = {
			isa = PBXGroup;
			children = (
				2E7EA1DE1E4FE26600911AD7 /* Datasource.swift */,
				2EAA78771EC1849C00E4102D /* PBViewController.swift */,
				2E99BB821E873D3C0039B0EE /* PBAnimations.swift */,
				2EAA78711EC15D2E00E4102D /* CustomTabBar.swift */,
				2EB88CF81E858639001F85C2 /* MemberObject.swift */,
				2E99BB861E875CF00039B0EE /* SegmentObject.swift */,
				2E390D741EEA0CBC004C83CC /* ProductItem.swift */,
				2E3E1AC91EF1A6CF00801415 /* ServiceObject.swift */,
			);
			name = Helpers;
			sourceTree = "<group>";
		};
		2EAA78701EC018E300E4102D /* Views */ = {
			isa = PBXGroup;
			children = (
				2E44E1E01E97222400C70049 /* SignInViewController.swift */,
				2EF0E1981F1D13AD00CAF50E /* SignUpView.swift */,
				2E889BC01EBEE46300F2C85E /* ServiceView.swift */,
				2E9833641E268CB100A48A56 /* PlanServiceController.swift */,
				2EAA78731EC17B9E00E4102D /* SegmentsView.swift */,
				2EAA78751EC17DEE00E4102D /* PeopleView.swift */,
				2E3E1AC71EF1A4C500801415 /* FinalService.swift */,
			);
			name = Views;
			sourceTree = "<group>";
		};
		F37976C29C02219586CEB06E /* Pods */ = {
			isa = PBXGroup;
			children = (
				097D033BA8A1428D60140E0D /* Pods-Planning Board.debug.xcconfig */,
				0D75B45D891E1E1D216E0A68 /* Pods-Planning Board.release.xcconfig */,
				D43A91E7D6E17061396F6826 /* Pods-Planning BoardTests.debug.xcconfig */,
				E5D27EE2D210307E34B0B8D5 /* Pods-Planning BoardTests.release.xcconfig */,
				F87ECC50C516FA3138F07526 /* Pods-Planning BoardUITests.debug.xcconfig */,
				9EA070E1F2732D36227515AE /* Pods-Planning BoardUITests.release.xcconfig */,
			);
			name = Pods;
			sourceTree = "<group>";
		};
/* End PBXGroup section */

/* Begin PBXNativeTarget section */
		2E0FCD611E16367400C8F1E3 /* Planning Board */ = {
			isa = PBXNativeTarget;
			buildConfigurationList = 2E0FCD8D1E16367400C8F1E3 /* Build configuration list for PBXNativeTarget "Planning Board" */;
			buildPhases = (
				CAF6773E9236F632992D6D06 /* [CP] Check Pods Manifest.lock */,
				2E0FCD5E1E16367400C8F1E3 /* Sources */,
				2E0FCD5F1E16367400C8F1E3 /* Frameworks */,
				2E0FCD601E16367400C8F1E3 /* Resources */,
				E9FB19F1965FE7824980D0A0 /* [CP] Embed Pods Frameworks */,
				E70C4A9375878F05F7090A32 /* [CP] Copy Pods Resources */,
			);
			buildRules = (
			);
			dependencies = (
			);
			name = "Planning Board";
			productName = "Planning Board";
			productReference = 2E0FCD621E16367400C8F1E3 /* Planning Board.app */;
			productType = "com.apple.product-type.application";
		};
		2E0FCD781E16367400C8F1E3 /* Planning BoardTests */ = {
			isa = PBXNativeTarget;
			buildConfigurationList = 2E0FCD901E16367400C8F1E3 /* Build configuration list for PBXNativeTarget "Planning BoardTests" */;
			buildPhases = (
				48C1B76D7054E87F821B2262 /* [CP] Check Pods Manifest.lock */,
				2E0FCD751E16367400C8F1E3 /* Sources */,
				2E0FCD761E16367400C8F1E3 /* Frameworks */,
				2E0FCD771E16367400C8F1E3 /* Resources */,
				2E844D1AA8448FB03FF9FB77 /* [CP] Embed Pods Frameworks */,
				009C89E4E164B400138B1F9F /* [CP] Copy Pods Resources */,
			);
			buildRules = (
			);
			dependencies = (
				2E0FCD7B1E16367400C8F1E3 /* PBXTargetDependency */,
			);
			name = "Planning BoardTests";
			productName = "Planning BoardTests";
			productReference = 2E0FCD791E16367400C8F1E3 /* Planning BoardTests.xctest */;
			productType = "com.apple.product-type.bundle.unit-test";
		};
		2E0FCD831E16367400C8F1E3 /* Planning BoardUITests */ = {
			isa = PBXNativeTarget;
			buildConfigurationList = 2E0FCD931E16367400C8F1E3 /* Build configuration list for PBXNativeTarget "Planning BoardUITests" */;
			buildPhases = (
				8D5B4EEE771D8043CDB28DC2 /* [CP] Check Pods Manifest.lock */,
				2E0FCD801E16367400C8F1E3 /* Sources */,
				2E0FCD811E16367400C8F1E3 /* Frameworks */,
				2E0FCD821E16367400C8F1E3 /* Resources */,
				1A0A4AE10955776837266FA1 /* [CP] Embed Pods Frameworks */,
				168AE3E89F9A9DC647547FC1 /* [CP] Copy Pods Resources */,
			);
			buildRules = (
			);
			dependencies = (
				2E0FCD861E16367400C8F1E3 /* PBXTargetDependency */,
			);
			name = "Planning BoardUITests";
			productName = "Planning BoardUITests";
			productReference = 2E0FCD841E16367400C8F1E3 /* Planning BoardUITests.xctest */;
			productType = "com.apple.product-type.bundle.ui-testing";
		};
		2E3D15DF1E96DDEF003AD783 /* Planning Board Mac */ = {
			isa = PBXNativeTarget;
			buildConfigurationList = 2E3D16061E96DDEF003AD783 /* Build configuration list for PBXNativeTarget "Planning Board Mac" */;
			buildPhases = (
				2E3D15DC1E96DDEF003AD783 /* Sources */,
				2E3D15DD1E96DDEF003AD783 /* Frameworks */,
				2E3D15DE1E96DDEF003AD783 /* Resources */,
			);
			buildRules = (
			);
			dependencies = (
			);
			name = "Planning Board Mac";
			productName = "Planning Board Mac";
			productReference = 2E3D15E01E96DDEF003AD783 /* Planning Board Mac.app */;
			productType = "com.apple.product-type.application";
		};
		2E3D15ED1E96DDEF003AD783 /* Planning Board MacTests */ = {
			isa = PBXNativeTarget;
			buildConfigurationList = 2E3D16071E96DDEF003AD783 /* Build configuration list for PBXNativeTarget "Planning Board MacTests" */;
			buildPhases = (
				2E3D15EA1E96DDEF003AD783 /* Sources */,
				2E3D15EB1E96DDEF003AD783 /* Frameworks */,
				2E3D15EC1E96DDEF003AD783 /* Resources */,
			);
			buildRules = (
			);
			dependencies = (
				2E3D15F01E96DDEF003AD783 /* PBXTargetDependency */,
			);
			name = "Planning Board MacTests";
			productName = "Planning Board MacTests";
			productReference = 2E3D15EE1E96DDEF003AD783 /* Planning Board MacTests.xctest */;
			productType = "com.apple.product-type.bundle.unit-test";
		};
		2E3D15F81E96DDEF003AD783 /* Planning Board MacUITests */ = {
			isa = PBXNativeTarget;
			buildConfigurationList = 2E3D16081E96DDEF003AD783 /* Build configuration list for PBXNativeTarget "Planning Board MacUITests" */;
			buildPhases = (
				2E3D15F51E96DDEF003AD783 /* Sources */,
				2E3D15F61E96DDEF003AD783 /* Frameworks */,
				2E3D15F71E96DDEF003AD783 /* Resources */,
			);
			buildRules = (
			);
			dependencies = (
				2E3D15FB1E96DDEF003AD783 /* PBXTargetDependency */,
			);
			name = "Planning Board MacUITests";
			productName = "Planning Board MacUITests";
			productReference = 2E3D15F91E96DDEF003AD783 /* Planning Board MacUITests.xctest */;
			productType = "com.apple.product-type.bundle.ui-testing";
		};
/* End PBXNativeTarget section */

/* Begin PBXProject section */
		2E0FCD5A1E16367400C8F1E3 /* Project object */ = {
			isa = PBXProject;
			attributes = {
				LastSwiftUpdateCheck = 0820;
				LastUpgradeCheck = 0820;
				ORGANIZATIONNAME = KlubCo;
				TargetAttributes = {
					2E0FCD611E16367400C8F1E3 = {
						CreatedOnToolsVersion = 8.2.1;
						DevelopmentTeam = WC4V23B6MJ;
						LastSwiftMigration = 0820;
						ProvisioningStyle = Automatic;
						SystemCapabilities = {
							com.apple.Keychain = {
								enabled = 0;
							};
						};
					};
					2E0FCD781E16367400C8F1E3 = {
						CreatedOnToolsVersion = 8.2.1;
						DevelopmentTeam = WC4V23B6MJ;
						ProvisioningStyle = Automatic;
						TestTargetID = 2E0FCD611E16367400C8F1E3;
					};
					2E0FCD831E16367400C8F1E3 = {
						CreatedOnToolsVersion = 8.2.1;
						DevelopmentTeam = WC4V23B6MJ;
						ProvisioningStyle = Automatic;
						TestTargetID = 2E0FCD611E16367400C8F1E3;
					};
					2E3D15DF1E96DDEF003AD783 = {
						CreatedOnToolsVersion = 8.2.1;
						DevelopmentTeam = WC4V23B6MJ;
						ProvisioningStyle = Automatic;
					};
					2E3D15ED1E96DDEF003AD783 = {
						CreatedOnToolsVersion = 8.2.1;
						DevelopmentTeam = WC4V23B6MJ;
						ProvisioningStyle = Automatic;
						TestTargetID = 2E3D15DF1E96DDEF003AD783;
					};
					2E3D15F81E96DDEF003AD783 = {
						CreatedOnToolsVersion = 8.2.1;
						DevelopmentTeam = WC4V23B6MJ;
						ProvisioningStyle = Automatic;
						TestTargetID = 2E3D15DF1E96DDEF003AD783;
					};
				};
			};
			buildConfigurationList = 2E0FCD5D1E16367400C8F1E3 /* Build configuration list for PBXProject "Planning Board" */;
			compatibilityVersion = "Xcode 3.2";
			developmentRegion = English;
			hasScannedForEncodings = 0;
			knownRegions = (
				en,
				Base,
			);
			mainGroup = 2E0FCD591E16367400C8F1E3;
			productRefGroup = 2E0FCD631E16367400C8F1E3 /* Products */;
			projectDirPath = "";
			projectRoot = "";
			targets = (
				2E0FCD611E16367400C8F1E3 /* Planning Board */,
				2E0FCD781E16367400C8F1E3 /* Planning BoardTests */,
				2E0FCD831E16367400C8F1E3 /* Planning BoardUITests */,
				2E3D15DF1E96DDEF003AD783 /* Planning Board Mac */,
				2E3D15ED1E96DDEF003AD783 /* Planning Board MacTests */,
				2E3D15F81E96DDEF003AD783 /* Planning Board MacUITests */,
			);
		};
/* End PBXProject section */

/* Begin PBXResourcesBuildPhase section */
		2E0FCD601E16367400C8F1E3 /* Resources */ = {
			isa = PBXResourcesBuildPhase;
			buildActionMask = 2147483647;
			files = (
				2E943D571E26C5150059C689 /* TableViewCell1.xib in Resources */,
				2E1D7E6B1E4FF7EB00A648C3 /* memberCell1.xib in Resources */,
				2E0FCD731E16367400C8F1E3 /* LaunchScreen.storyboard in Resources */,
				2E0FCD971E1636DE00C8F1E3 /* GoogleService-Info.plist in Resources */,
				2E0FCD701E16367400C8F1E3 /* Assets.xcassets in Resources */,
			);
			runOnlyForDeploymentPostprocessing = 0;
		};
		2E0FCD771E16367400C8F1E3 /* Resources */ = {
			isa = PBXResourcesBuildPhase;
			buildActionMask = 2147483647;
			files = (
			);
			runOnlyForDeploymentPostprocessing = 0;
		};
		2E0FCD821E16367400C8F1E3 /* Resources */ = {
			isa = PBXResourcesBuildPhase;
			buildActionMask = 2147483647;
			files = (
			);
			runOnlyForDeploymentPostprocessing = 0;
		};
		2E3D15DE1E96DDEF003AD783 /* Resources */ = {
			isa = PBXResourcesBuildPhase;
			buildActionMask = 2147483647;
			files = (
				2E3D15E51E96DDEF003AD783 /* Assets.xcassets in Resources */,
				2E3D15E81E96DDEF003AD783 /* MainMenu.xib in Resources */,
			);
			runOnlyForDeploymentPostprocessing = 0;
		};
		2E3D15EC1E96DDEF003AD783 /* Resources */ = {
			isa = PBXResourcesBuildPhase;
			buildActionMask = 2147483647;
			files = (
			);
			runOnlyForDeploymentPostprocessing = 0;
		};
		2E3D15F71E96DDEF003AD783 /* Resources */ = {
			isa = PBXResourcesBuildPhase;
			buildActionMask = 2147483647;
			files = (
			);
			runOnlyForDeploymentPostprocessing = 0;
		};
/* End PBXResourcesBuildPhase section */

/* Begin PBXShellScriptBuildPhase section */
		009C89E4E164B400138B1F9F /* [CP] Copy Pods Resources */ = {
			isa = PBXShellScriptBuildPhase;
			buildActionMask = 2147483647;
			files = (
			);
			inputPaths = (
			);
			name = "[CP] Copy Pods Resources";
			outputPaths = (
			);
			runOnlyForDeploymentPostprocessing = 0;
			shellPath = /bin/sh;
			shellScript = "\"${SRCROOT}/Pods/Target Support Files/Pods-Planning BoardTests/Pods-Planning BoardTests-resources.sh\"\n";
			showEnvVarsInLog = 0;
		};
		168AE3E89F9A9DC647547FC1 /* [CP] Copy Pods Resources */ = {
			isa = PBXShellScriptBuildPhase;
			buildActionMask = 2147483647;
			files = (
			);
			inputPaths = (
			);
			name = "[CP] Copy Pods Resources";
			outputPaths = (
			);
			runOnlyForDeploymentPostprocessing = 0;
			shellPath = /bin/sh;
			shellScript = "\"${SRCROOT}/Pods/Target Support Files/Pods-Planning BoardUITests/Pods-Planning BoardUITests-resources.sh\"\n";
			showEnvVarsInLog = 0;
		};
		1A0A4AE10955776837266FA1 /* [CP] Embed Pods Frameworks */ = {
			isa = PBXShellScriptBuildPhase;
			buildActionMask = 2147483647;
			files = (
			);
			inputPaths = (
			);
			name = "[CP] Embed Pods Frameworks";
			outputPaths = (
			);
			runOnlyForDeploymentPostprocessing = 0;
			shellPath = /bin/sh;
			shellScript = "\"${SRCROOT}/Pods/Target Support Files/Pods-Planning BoardUITests/Pods-Planning BoardUITests-frameworks.sh\"\n";
			showEnvVarsInLog = 0;
		};
		2E844D1AA8448FB03FF9FB77 /* [CP] Embed Pods Frameworks */ = {
			isa = PBXShellScriptBuildPhase;
			buildActionMask = 2147483647;
			files = (
			);
			inputPaths = (
			);
			name = "[CP] Embed Pods Frameworks";
			outputPaths = (
			);
			runOnlyForDeploymentPostprocessing = 0;
			shellPath = /bin/sh;
			shellScript = "\"${SRCROOT}/Pods/Target Support Files/Pods-Planning BoardTests/Pods-Planning BoardTests-frameworks.sh\"\n";
			showEnvVarsInLog = 0;
		};
		48C1B76D7054E87F821B2262 /* [CP] Check Pods Manifest.lock */ = {
			isa = PBXShellScriptBuildPhase;
			buildActionMask = 2147483647;
			files = (
			);
			inputPaths = (
			);
			name = "[CP] Check Pods Manifest.lock";
			outputPaths = (
			);
			runOnlyForDeploymentPostprocessing = 0;
			shellPath = /bin/sh;
			shellScript = "diff \"${PODS_ROOT}/../Podfile.lock\" \"${PODS_ROOT}/Manifest.lock\" > /dev/null\nif [ $? != 0 ] ; then\n    # print error to STDERR\n    echo \"error: The sandbox is not in sync with the Podfile.lock. Run 'pod install' or update your CocoaPods installation.\" >&2\n    exit 1\nfi\n";
			showEnvVarsInLog = 0;
		};
		8D5B4EEE771D8043CDB28DC2 /* [CP] Check Pods Manifest.lock */ = {
			isa = PBXShellScriptBuildPhase;
			buildActionMask = 2147483647;
			files = (
			);
			inputPaths = (
			);
			name = "[CP] Check Pods Manifest.lock";
			outputPaths = (
			);
			runOnlyForDeploymentPostprocessing = 0;
			shellPath = /bin/sh;
			shellScript = "diff \"${PODS_ROOT}/../Podfile.lock\" \"${PODS_ROOT}/Manifest.lock\" > /dev/null\nif [ $? != 0 ] ; then\n    # print error to STDERR\n    echo \"error: The sandbox is not in sync with the Podfile.lock. Run 'pod install' or update your CocoaPods installation.\" >&2\n    exit 1\nfi\n";
			showEnvVarsInLog = 0;
		};
		CAF6773E9236F632992D6D06 /* [CP] Check Pods Manifest.lock */ = {
			isa = PBXShellScriptBuildPhase;
			buildActionMask = 2147483647;
			files = (
			);
			inputPaths = (
			);
			name = "[CP] Check Pods Manifest.lock";
			outputPaths = (
			);
			runOnlyForDeploymentPostprocessing = 0;
			shellPath = /bin/sh;
			shellScript = "diff \"${PODS_ROOT}/../Podfile.lock\" \"${PODS_ROOT}/Manifest.lock\" > /dev/null\nif [ $? != 0 ] ; then\n    # print error to STDERR\n    echo \"error: The sandbox is not in sync with the Podfile.lock. Run 'pod install' or update your CocoaPods installation.\" >&2\n    exit 1\nfi\n";
			showEnvVarsInLog = 0;
		};
		E70C4A9375878F05F7090A32 /* [CP] Copy Pods Resources */ = {
			isa = PBXShellScriptBuildPhase;
			buildActionMask = 2147483647;
			files = (
			);
			inputPaths = (
			);
			name = "[CP] Copy Pods Resources";
			outputPaths = (
			);
			runOnlyForDeploymentPostprocessing = 0;
			shellPath = /bin/sh;
			shellScript = "\"${SRCROOT}/Pods/Target Support Files/Pods-Planning Board/Pods-Planning Board-resources.sh\"\n";
			showEnvVarsInLog = 0;
		};
		E9FB19F1965FE7824980D0A0 /* [CP] Embed Pods Frameworks */ = {
			isa = PBXShellScriptBuildPhase;
			buildActionMask = 2147483647;
			files = (
			);
			inputPaths = (
			);
			name = "[CP] Embed Pods Frameworks";
			outputPaths = (
			);
			runOnlyForDeploymentPostprocessing = 0;
			shellPath = /bin/sh;
			shellScript = "\"${SRCROOT}/Pods/Target Support Files/Pods-Planning Board/Pods-Planning Board-frameworks.sh\"\n";
			showEnvVarsInLog = 0;
		};
/* End PBXShellScriptBuildPhase section */

/* Begin PBXSourcesBuildPhase section */
		2E0FCD5E1E16367400C8F1E3 /* Sources */ = {
			isa = PBXSourcesBuildPhase;
			buildActionMask = 2147483647;
			files = (
				2E0FCD6E1E16367400C8F1E3 /* Planning_Board.xcdatamodeld in Sources */,
				2E943D561E26C5150059C689 /* TableViewCell1.swift in Sources */,
				2E3E1AC81EF1A4C500801415 /* FinalService.swift in Sources */,
				2E390D751EEA0CBC004C83CC /* ProductItem.swift in Sources */,
				2E3E1ACA1EF1A6CF00801415 /* ServiceObject.swift in Sources */,
				2E99BB871E875CF00039B0EE /* SegmentObject.swift in Sources */,
				2EAA78721EC15D2E00E4102D /* CustomTabBar.swift in Sources */,
				2EAA78761EC17DEE00E4102D /* PeopleView.swift in Sources */,
				2EAA78741EC17B9E00E4102D /* SegmentsView.swift in Sources */,
				2E1D7E6A1E4FF7EB00A648C3 /* memberCell1.swift in Sources */,
				2EAA78781EC1849C00E4102D /* PBViewController.swift in Sources */,
				2E7EA1DF1E4FE26600911AD7 /* Datasource.swift in Sources */,
				2E0FCD661E16367400C8F1E3 /* AppDelegate.swift in Sources */,
				2E44E1E11E97222400C70049 /* SignInViewController.swift in Sources */,
				2E9833651E268CB100A48A56 /* PlanServiceController.swift in Sources */,
				2E99BB831E873D3C0039B0EE /* PBAnimations.swift in Sources */,
				2EF0E1991F1D13AD00CAF50E /* SignUpView.swift in Sources */,
				2EB88CF91E858639001F85C2 /* MemberObject.swift in Sources */,
				2E889BC11EBEE46300F2C85E /* ServiceView.swift in Sources */,
			);
			runOnlyForDeploymentPostprocessing = 0;
		};
		2E0FCD751E16367400C8F1E3 /* Sources */ = {
			isa = PBXSourcesBuildPhase;
			buildActionMask = 2147483647;
			files = (
				2E0FCD7E1E16367400C8F1E3 /* Planning_BoardTests.swift in Sources */,
			);
			runOnlyForDeploymentPostprocessing = 0;
		};
		2E0FCD801E16367400C8F1E3 /* Sources */ = {
			isa = PBXSourcesBuildPhase;
			buildActionMask = 2147483647;
			files = (
				2E0FCD891E16367400C8F1E3 /* Planning_BoardUITests.swift in Sources */,
			);
			runOnlyForDeploymentPostprocessing = 0;
		};
		2E3D15DC1E96DDEF003AD783 /* Sources */ = {
			isa = PBXSourcesBuildPhase;
			buildActionMask = 2147483647;
			files = (
				2E3D15E31E96DDEF003AD783 /* AppDelegate.swift in Sources */,
				2E06563B1E987EFF00D22150 /* SignInController.swift in Sources */,
			);
			runOnlyForDeploymentPostprocessing = 0;
		};
		2E3D15EA1E96DDEF003AD783 /* Sources */ = {
			isa = PBXSourcesBuildPhase;
			buildActionMask = 2147483647;
			files = (
				2E3D15F31E96DDEF003AD783 /* Planning_Board_MacTests.swift in Sources */,
			);
			runOnlyForDeploymentPostprocessing = 0;
		};
		2E3D15F51E96DDEF003AD783 /* Sources */ = {
			isa = PBXSourcesBuildPhase;
			buildActionMask = 2147483647;
			files = (
				2E3D15FE1E96DDEF003AD783 /* Planning_Board_MacUITests.swift in Sources */,
			);
			runOnlyForDeploymentPostprocessing = 0;
		};
/* End PBXSourcesBuildPhase section */

/* Begin PBXTargetDependency section */
		2E0FCD7B1E16367400C8F1E3 /* PBXTargetDependency */ = {
			isa = PBXTargetDependency;
			target = 2E0FCD611E16367400C8F1E3 /* Planning Board */;
			targetProxy = 2E0FCD7A1E16367400C8F1E3 /* PBXContainerItemProxy */;
		};
		2E0FCD861E16367400C8F1E3 /* PBXTargetDependency */ = {
			isa = PBXTargetDependency;
			target = 2E0FCD611E16367400C8F1E3 /* Planning Board */;
			targetProxy = 2E0FCD851E16367400C8F1E3 /* PBXContainerItemProxy */;
		};
		2E3D15F01E96DDEF003AD783 /* PBXTargetDependency */ = {
			isa = PBXTargetDependency;
			target = 2E3D15DF1E96DDEF003AD783 /* Planning Board Mac */;
			targetProxy = 2E3D15EF1E96DDEF003AD783 /* PBXContainerItemProxy */;
		};
		2E3D15FB1E96DDEF003AD783 /* PBXTargetDependency */ = {
			isa = PBXTargetDependency;
			target = 2E3D15DF1E96DDEF003AD783 /* Planning Board Mac */;
			targetProxy = 2E3D15FA1E96DDEF003AD783 /* PBXContainerItemProxy */;
		};
/* End PBXTargetDependency section */

/* Begin PBXVariantGroup section */
		2E0FCD711E16367400C8F1E3 /* LaunchScreen.storyboard */ = {
			isa = PBXVariantGroup;
			children = (
				2E0FCD721E16367400C8F1E3 /* Base */,
			);
			name = LaunchScreen.storyboard;
			sourceTree = "<group>";
		};
		2E3D15E61E96DDEF003AD783 /* MainMenu.xib */ = {
			isa = PBXVariantGroup;
			children = (
				2E3D15E71E96DDEF003AD783 /* Base */,
			);
			name = MainMenu.xib;
			sourceTree = "<group>";
		};
/* End PBXVariantGroup section */

/* Begin XCBuildConfiguration section */
		2E0FCD8B1E16367400C8F1E3 /* Debug */ = {
			isa = XCBuildConfiguration;
			buildSettings = {
				ALWAYS_SEARCH_USER_PATHS = NO;
				CLANG_ANALYZER_NONNULL = YES;
				CLANG_CXX_LANGUAGE_STANDARD = "gnu++0x";
				CLANG_CXX_LIBRARY = "libc++";
				CLANG_ENABLE_MODULES = YES;
				CLANG_ENABLE_OBJC_ARC = YES;
				CLANG_WARN_BOOL_CONVERSION = YES;
				CLANG_WARN_CONSTANT_CONVERSION = YES;
				CLANG_WARN_DIRECT_OBJC_ISA_USAGE = YES_ERROR;
				CLANG_WARN_DOCUMENTATION_COMMENTS = YES;
				CLANG_WARN_EMPTY_BODY = YES;
				CLANG_WARN_ENUM_CONVERSION = YES;
				CLANG_WARN_INFINITE_RECURSION = YES;
				CLANG_WARN_INT_CONVERSION = YES;
				CLANG_WARN_OBJC_ROOT_CLASS = YES_ERROR;
				CLANG_WARN_SUSPICIOUS_MOVE = YES;
				CLANG_WARN_UNREACHABLE_CODE = YES;
				CLANG_WARN__DUPLICATE_METHOD_MATCH = YES;
				"CODE_SIGN_IDENTITY[sdk=iphoneos*]" = "iPhone Developer";
				COPY_PHASE_STRIP = NO;
				DEBUG_INFORMATION_FORMAT = dwarf;
				ENABLE_STRICT_OBJC_MSGSEND = YES;
				ENABLE_TESTABILITY = YES;
				GCC_C_LANGUAGE_STANDARD = gnu99;
				GCC_DYNAMIC_NO_PIC = NO;
				GCC_NO_COMMON_BLOCKS = YES;
				GCC_OPTIMIZATION_LEVEL = 0;
				GCC_PREPROCESSOR_DEFINITIONS = (
					"DEBUG=1",
					"$(inherited)",
				);
				GCC_WARN_64_TO_32_BIT_CONVERSION = YES;
				GCC_WARN_ABOUT_RETURN_TYPE = YES_ERROR;
				GCC_WARN_UNDECLARED_SELECTOR = YES;
				GCC_WARN_UNINITIALIZED_AUTOS = YES_AGGRESSIVE;
				GCC_WARN_UNUSED_FUNCTION = YES;
				GCC_WARN_UNUSED_VARIABLE = YES;
				IPHONEOS_DEPLOYMENT_TARGET = 10.2;
				MTL_ENABLE_DEBUG_INFO = YES;
				ONLY_ACTIVE_ARCH = YES;
				SDKROOT = iphoneos;
				SWIFT_ACTIVE_COMPILATION_CONDITIONS = DEBUG;
				SWIFT_OPTIMIZATION_LEVEL = "-Onone";
				TARGETED_DEVICE_FAMILY = "1,2";
			};
			name = Debug;
		};
		2E0FCD8C1E16367400C8F1E3 /* Release */ = {
			isa = XCBuildConfiguration;
			buildSettings = {
				ALWAYS_SEARCH_USER_PATHS = NO;
				CLANG_ANALYZER_NONNULL = YES;
				CLANG_CXX_LANGUAGE_STANDARD = "gnu++0x";
				CLANG_CXX_LIBRARY = "libc++";
				CLANG_ENABLE_MODULES = YES;
				CLANG_ENABLE_OBJC_ARC = YES;
				CLANG_WARN_BOOL_CONVERSION = YES;
				CLANG_WARN_CONSTANT_CONVERSION = YES;
				CLANG_WARN_DIRECT_OBJC_ISA_USAGE = YES_ERROR;
				CLANG_WARN_DOCUMENTATION_COMMENTS = YES;
				CLANG_WARN_EMPTY_BODY = YES;
				CLANG_WARN_ENUM_CONVERSION = YES;
				CLANG_WARN_INFINITE_RECURSION = YES;
				CLANG_WARN_INT_CONVERSION = YES;
				CLANG_WARN_OBJC_ROOT_CLASS = YES_ERROR;
				CLANG_WARN_SUSPICIOUS_MOVE = YES;
				CLANG_WARN_UNREACHABLE_CODE = YES;
				CLANG_WARN__DUPLICATE_METHOD_MATCH = YES;
				"CODE_SIGN_IDENTITY[sdk=iphoneos*]" = "iPhone Developer";
				COPY_PHASE_STRIP = NO;
				DEBUG_INFORMATION_FORMAT = "dwarf-with-dsym";
				ENABLE_NS_ASSERTIONS = NO;
				ENABLE_STRICT_OBJC_MSGSEND = YES;
				GCC_C_LANGUAGE_STANDARD = gnu99;
				GCC_NO_COMMON_BLOCKS = YES;
				GCC_WARN_64_TO_32_BIT_CONVERSION = YES;
				GCC_WARN_ABOUT_RETURN_TYPE = YES_ERROR;
				GCC_WARN_UNDECLARED_SELECTOR = YES;
				GCC_WARN_UNINITIALIZED_AUTOS = YES_AGGRESSIVE;
				GCC_WARN_UNUSED_FUNCTION = YES;
				GCC_WARN_UNUSED_VARIABLE = YES;
				IPHONEOS_DEPLOYMENT_TARGET = 10.2;
				MTL_ENABLE_DEBUG_INFO = NO;
				SDKROOT = iphoneos;
				SWIFT_OPTIMIZATION_LEVEL = "-Owholemodule";
				TARGETED_DEVICE_FAMILY = "1,2";
				VALIDATE_PRODUCT = YES;
			};
			name = Release;
		};
		2E0FCD8E1E16367400C8F1E3 /* Debug */ = {
			isa = XCBuildConfiguration;
			baseConfigurationReference = 097D033BA8A1428D60140E0D /* Pods-Planning Board.debug.xcconfig */;
			buildSettings = {
				ASSETCATALOG_COMPILER_APPICON_NAME = AppIcon;
				CLANG_ENABLE_MODULES = YES;
				DEVELOPMENT_TEAM = WC4V23B6MJ;
				INFOPLIST_FILE = "Planning Board/Info.plist";
				IPHONEOS_DEPLOYMENT_TARGET = 10.0;
				LD_RUNPATH_SEARCH_PATHS = "$(inherited) @executable_path/Frameworks";
				PRODUCT_BUNDLE_IDENTIFIER = "com.KlubCo.Planning-Board";
				PRODUCT_NAME = "$(TARGET_NAME)";
				SWIFT_INSTALL_OBJC_HEADER = YES;
				SWIFT_OPTIMIZATION_LEVEL = "-Onone";
				SWIFT_VERSION = 3.0;
				TARGETED_DEVICE_FAMILY = 2;
			};
			name = Debug;
		};
		2E0FCD8F1E16367400C8F1E3 /* Release */ = {
			isa = XCBuildConfiguration;
			baseConfigurationReference = 0D75B45D891E1E1D216E0A68 /* Pods-Planning Board.release.xcconfig */;
			buildSettings = {
				ASSETCATALOG_COMPILER_APPICON_NAME = AppIcon;
				CLANG_ENABLE_MODULES = YES;
				DEVELOPMENT_TEAM = WC4V23B6MJ;
				INFOPLIST_FILE = "Planning Board/Info.plist";
				IPHONEOS_DEPLOYMENT_TARGET = 10.0;
				LD_RUNPATH_SEARCH_PATHS = "$(inherited) @executable_path/Frameworks";
				PRODUCT_BUNDLE_IDENTIFIER = "com.KlubCo.Planning-Board";
				PRODUCT_NAME = "$(TARGET_NAME)";
				SWIFT_INSTALL_OBJC_HEADER = YES;
				SWIFT_VERSION = 3.0;
				TARGETED_DEVICE_FAMILY = 2;
			};
			name = Release;
		};
		2E0FCD911E16367400C8F1E3 /* Debug */ = {
			isa = XCBuildConfiguration;
			baseConfigurationReference = D43A91E7D6E17061396F6826 /* Pods-Planning BoardTests.debug.xcconfig */;
			buildSettings = {
				ALWAYS_EMBED_SWIFT_STANDARD_LIBRARIES = YES;
				BUNDLE_LOADER = "$(TEST_HOST)";
				DEVELOPMENT_TEAM = WC4V23B6MJ;
				INFOPLIST_FILE = "Planning BoardTests/Info.plist";
				LD_RUNPATH_SEARCH_PATHS = "$(inherited) @executable_path/Frameworks @loader_path/Frameworks";
				PRODUCT_BUNDLE_IDENTIFIER = "com.KlubCo.Planning-BoardTests";
				PRODUCT_NAME = "$(TARGET_NAME)";
				SWIFT_VERSION = 3.0;
				TEST_HOST = "$(BUILT_PRODUCTS_DIR)/Planning Board.app/Planning Board";
			};
			name = Debug;
		};
		2E0FCD921E16367400C8F1E3 /* Release */ = {
			isa = XCBuildConfiguration;
			baseConfigurationReference = E5D27EE2D210307E34B0B8D5 /* Pods-Planning BoardTests.release.xcconfig */;
			buildSettings = {
				ALWAYS_EMBED_SWIFT_STANDARD_LIBRARIES = YES;
				BUNDLE_LOADER = "$(TEST_HOST)";
				DEVELOPMENT_TEAM = WC4V23B6MJ;
				INFOPLIST_FILE = "Planning BoardTests/Info.plist";
				LD_RUNPATH_SEARCH_PATHS = "$(inherited) @executable_path/Frameworks @loader_path/Frameworks";
				PRODUCT_BUNDLE_IDENTIFIER = "com.KlubCo.Planning-BoardTests";
				PRODUCT_NAME = "$(TARGET_NAME)";
				SWIFT_VERSION = 3.0;
				TEST_HOST = "$(BUILT_PRODUCTS_DIR)/Planning Board.app/Planning Board";
			};
			name = Release;
		};
		2E0FCD941E16367400C8F1E3 /* Debug */ = {
			isa = XCBuildConfiguration;
			baseConfigurationReference = F87ECC50C516FA3138F07526 /* Pods-Planning BoardUITests.debug.xcconfig */;
			buildSettings = {
				ALWAYS_EMBED_SWIFT_STANDARD_LIBRARIES = YES;
				DEVELOPMENT_TEAM = WC4V23B6MJ;
				INFOPLIST_FILE = "Planning BoardUITests/Info.plist";
				LD_RUNPATH_SEARCH_PATHS = "$(inherited) @executable_path/Frameworks @loader_path/Frameworks";
				PRODUCT_BUNDLE_IDENTIFIER = "com.KlubCo.Planning-BoardUITests";
				PRODUCT_NAME = "$(TARGET_NAME)";
				SWIFT_VERSION = 3.0;
				TEST_TARGET_NAME = "Planning Board";
			};
			name = Debug;
		};
		2E0FCD951E16367400C8F1E3 /* Release */ = {
			isa = XCBuildConfiguration;
			baseConfigurationReference = 9EA070E1F2732D36227515AE /* Pods-Planning BoardUITests.release.xcconfig */;
			buildSettings = {
				ALWAYS_EMBED_SWIFT_STANDARD_LIBRARIES = YES;
				DEVELOPMENT_TEAM = WC4V23B6MJ;
				INFOPLIST_FILE = "Planning BoardUITests/Info.plist";
				LD_RUNPATH_SEARCH_PATHS = "$(inherited) @executable_path/Frameworks @loader_path/Frameworks";
				PRODUCT_BUNDLE_IDENTIFIER = "com.KlubCo.Planning-BoardUITests";
				PRODUCT_NAME = "$(TARGET_NAME)";
				SWIFT_VERSION = 3.0;
				TEST_TARGET_NAME = "Planning Board";
			};
			name = Release;
		};
		2E3D16001E96DDEF003AD783 /* Debug */ = {
			isa = XCBuildConfiguration;
			buildSettings = {
				ASSETCATALOG_COMPILER_APPICON_NAME = AppIcon;
				CODE_SIGN_IDENTITY = "-";
				COMBINE_HIDPI_IMAGES = YES;
				DEVELOPMENT_TEAM = WC4V23B6MJ;
				INFOPLIST_FILE = "Planning Board Mac/Info.plist";
				LD_RUNPATH_SEARCH_PATHS = "$(inherited) @executable_path/../Frameworks";
				MACOSX_DEPLOYMENT_TARGET = 10.11;
				PRODUCT_BUNDLE_IDENTIFIER = "com.KlubCo.Planning-Board-Mac";
				PRODUCT_NAME = "$(TARGET_NAME)";
				SDKROOT = macosx;
				SWIFT_VERSION = 3.0;
			};
			name = Debug;
		};
		2E3D16011E96DDEF003AD783 /* Release */ = {
			isa = XCBuildConfiguration;
			buildSettings = {
				ASSETCATALOG_COMPILER_APPICON_NAME = AppIcon;
				CODE_SIGN_IDENTITY = "-";
				COMBINE_HIDPI_IMAGES = YES;
				DEVELOPMENT_TEAM = WC4V23B6MJ;
				INFOPLIST_FILE = "Planning Board Mac/Info.plist";
				LD_RUNPATH_SEARCH_PATHS = "$(inherited) @executable_path/../Frameworks";
				MACOSX_DEPLOYMENT_TARGET = 10.11;
				PRODUCT_BUNDLE_IDENTIFIER = "com.KlubCo.Planning-Board-Mac";
				PRODUCT_NAME = "$(TARGET_NAME)";
				SDKROOT = macosx;
				SWIFT_VERSION = 3.0;
			};
			name = Release;
		};
		2E3D16021E96DDEF003AD783 /* Debug */ = {
			isa = XCBuildConfiguration;
			buildSettings = {
				ALWAYS_EMBED_SWIFT_STANDARD_LIBRARIES = YES;
				BUNDLE_LOADER = "$(TEST_HOST)";
				CODE_SIGN_IDENTITY = "-";
				COMBINE_HIDPI_IMAGES = YES;
				DEVELOPMENT_TEAM = WC4V23B6MJ;
				INFOPLIST_FILE = "Planning Board MacTests/Info.plist";
				LD_RUNPATH_SEARCH_PATHS = "$(inherited) @executable_path/../Frameworks @loader_path/../Frameworks";
				MACOSX_DEPLOYMENT_TARGET = 10.11;
				PRODUCT_BUNDLE_IDENTIFIER = "com.KlubCo.Planning-Board-MacTests";
				PRODUCT_NAME = "$(TARGET_NAME)";
				SDKROOT = macosx;
				SWIFT_VERSION = 3.0;
				TEST_HOST = "$(BUILT_PRODUCTS_DIR)/Planning Board Mac.app/Contents/MacOS/Planning Board Mac";
			};
			name = Debug;
		};
		2E3D16031E96DDEF003AD783 /* Release */ = {
			isa = XCBuildConfiguration;
			buildSettings = {
				ALWAYS_EMBED_SWIFT_STANDARD_LIBRARIES = YES;
				BUNDLE_LOADER = "$(TEST_HOST)";
				CODE_SIGN_IDENTITY = "-";
				COMBINE_HIDPI_IMAGES = YES;
				DEVELOPMENT_TEAM = WC4V23B6MJ;
				INFOPLIST_FILE = "Planning Board MacTests/Info.plist";
				LD_RUNPATH_SEARCH_PATHS = "$(inherited) @executable_path/../Frameworks @loader_path/../Frameworks";
				MACOSX_DEPLOYMENT_TARGET = 10.11;
				PRODUCT_BUNDLE_IDENTIFIER = "com.KlubCo.Planning-Board-MacTests";
				PRODUCT_NAME = "$(TARGET_NAME)";
				SDKROOT = macosx;
				SWIFT_VERSION = 3.0;
				TEST_HOST = "$(BUILT_PRODUCTS_DIR)/Planning Board Mac.app/Contents/MacOS/Planning Board Mac";
			};
			name = Release;
		};
		2E3D16041E96DDEF003AD783 /* Debug */ = {
			isa = XCBuildConfiguration;
			buildSettings = {
				ALWAYS_EMBED_SWIFT_STANDARD_LIBRARIES = YES;
				CODE_SIGN_IDENTITY = "-";
				COMBINE_HIDPI_IMAGES = YES;
				DEVELOPMENT_TEAM = WC4V23B6MJ;
				INFOPLIST_FILE = "Planning Board MacUITests/Info.plist";
				LD_RUNPATH_SEARCH_PATHS = "$(inherited) @executable_path/../Frameworks @loader_path/../Frameworks";
				MACOSX_DEPLOYMENT_TARGET = 10.11;
				PRODUCT_BUNDLE_IDENTIFIER = "com.KlubCo.Planning-Board-MacUITests";
				PRODUCT_NAME = "$(TARGET_NAME)";
				SDKROOT = macosx;
				SWIFT_VERSION = 3.0;
				TEST_TARGET_NAME = "Planning Board Mac";
			};
			name = Debug;
		};
		2E3D16051E96DDEF003AD783 /* Release */ = {
			isa = XCBuildConfiguration;
			buildSettings = {
				ALWAYS_EMBED_SWIFT_STANDARD_LIBRARIES = YES;
				CODE_SIGN_IDENTITY = "-";
				COMBINE_HIDPI_IMAGES = YES;
				DEVELOPMENT_TEAM = WC4V23B6MJ;
				INFOPLIST_FILE = "Planning Board MacUITests/Info.plist";
				LD_RUNPATH_SEARCH_PATHS = "$(inherited) @executable_path/../Frameworks @loader_path/../Frameworks";
				MACOSX_DEPLOYMENT_TARGET = 10.11;
				PRODUCT_BUNDLE_IDENTIFIER = "com.KlubCo.Planning-Board-MacUITests";
				PRODUCT_NAME = "$(TARGET_NAME)";
				SDKROOT = macosx;
				SWIFT_VERSION = 3.0;
				TEST_TARGET_NAME = "Planning Board Mac";
			};
			name = Release;
		};
/* End XCBuildConfiguration section */

/* Begin XCConfigurationList section */
		2E0FCD5D1E16367400C8F1E3 /* Build configuration list for PBXProject "Planning Board" */ = {
			isa = XCConfigurationList;
			buildConfigurations = (
				2E0FCD8B1E16367400C8F1E3 /* Debug */,
				2E0FCD8C1E16367400C8F1E3 /* Release */,
			);
			defaultConfigurationIsVisible = 0;
			defaultConfigurationName = Release;
		};
		2E0FCD8D1E16367400C8F1E3 /* Build configuration list for PBXNativeTarget "Planning Board" */ = {
			isa = XCConfigurationList;
			buildConfigurations = (
				2E0FCD8E1E16367400C8F1E3 /* Debug */,
				2E0FCD8F1E16367400C8F1E3 /* Release */,
			);
			defaultConfigurationIsVisible = 0;
			defaultConfigurationName = Release;
		};
		2E0FCD901E16367400C8F1E3 /* Build configuration list for PBXNativeTarget "Planning BoardTests" */ = {
			isa = XCConfigurationList;
			buildConfigurations = (
				2E0FCD911E16367400C8F1E3 /* Debug */,
				2E0FCD921E16367400C8F1E3 /* Release */,
			);
			defaultConfigurationIsVisible = 0;
			defaultConfigurationName = Release;
		};
		2E0FCD931E16367400C8F1E3 /* Build configuration list for PBXNativeTarget "Planning BoardUITests" */ = {
			isa = XCConfigurationList;
			buildConfigurations = (
				2E0FCD941E16367400C8F1E3 /* Debug */,
				2E0FCD951E16367400C8F1E3 /* Release */,
			);
			defaultConfigurationIsVisible = 0;
			defaultConfigurationName = Release;
		};
		2E3D16061E96DDEF003AD783 /* Build configuration list for PBXNativeTarget "Planning Board Mac" */ = {
			isa = XCConfigurationList;
			buildConfigurations = (
				2E3D16001E96DDEF003AD783 /* Debug */,
				2E3D16011E96DDEF003AD783 /* Release */,
			);
			defaultConfigurationIsVisible = 0;
			defaultConfigurationName = Release;
		};
		2E3D16071E96DDEF003AD783 /* Build configuration list for PBXNativeTarget "Planning Board MacTests" */ = {
			isa = XCConfigurationList;
			buildConfigurations = (
				2E3D16021E96DDEF003AD783 /* Debug */,
				2E3D16031E96DDEF003AD783 /* Release */,
			);
			defaultConfigurationIsVisible = 0;
			defaultConfigurationName = Release;
		};
		2E3D16081E96DDEF003AD783 /* Build configuration list for PBXNativeTarget "Planning Board MacUITests" */ = {
			isa = XCConfigurationList;
			buildConfigurations = (
				2E3D16041E96DDEF003AD783 /* Debug */,
				2E3D16051E96DDEF003AD783 /* Release */,
			);
			defaultConfigurationIsVisible = 0;
			defaultConfigurationName = Release;
		};
/* End XCConfigurationList section */

/* Begin XCVersionGroup section */
		2E0FCD6C1E16367400C8F1E3 /* Planning_Board.xcdatamodeld */ = {
			isa = XCVersionGroup;
			children = (
				2E0FCD6D1E16367400C8F1E3 /* Planning_Board.xcdatamodel */,
			);
			currentVersion = 2E0FCD6D1E16367400C8F1E3 /* Planning_Board.xcdatamodel */;
			path = Planning_Board.xcdatamodeld;
			sourceTree = "<group>";
			versionGroupType = wrapper.xcdatamodel;
		};
/* End XCVersionGroup section */
	};
	rootObject = 2E0FCD5A1E16367400C8F1E3 /* Project object */;
}
